// !$*UTF8*$!
{
	archiveVersion = 1;
	classes = {
	};
	objectVersion = 55;
	objects = {

/* Begin PBXBuildFile section */
		7DB1FD27285CBBEC003D4E97 /* AppDelegate.swift in Sources */ = {isa = PBXBuildFile; fileRef = 7DB1FD26285CBBEC003D4E97 /* AppDelegate.swift */; };
		7DB1FD29285CBBEC003D4E97 /* SceneDelegate.swift in Sources */ = {isa = PBXBuildFile; fileRef = 7DB1FD28285CBBEC003D4E97 /* SceneDelegate.swift */; };
		7DB1FD2B285CBBEC003D4E97 /* ViewController.swift in Sources */ = {isa = PBXBuildFile; fileRef = 7DB1FD2A285CBBEC003D4E97 /* ViewController.swift */; };
		7DB1FD2E285CBBEC003D4E97 /* Main.storyboard in Resources */ = {isa = PBXBuildFile; fileRef = 7DB1FD2C285CBBEC003D4E97 /* Main.storyboard */; };
		7DB1FD30285CBBEE003D4E97 /* Assets.xcassets in Resources */ = {isa = PBXBuildFile; fileRef = 7DB1FD2F285CBBEE003D4E97 /* Assets.xcassets */; };
		7DB1FD33285CBBEE003D4E97 /* LaunchScreen.storyboard in Resources */ = {isa = PBXBuildFile; fileRef = 7DB1FD31285CBBEE003D4E97 /* LaunchScreen.storyboard */; };
		7DB1FD3B285D2032003D4E97 /* AudioEngine.swift in Sources */ = {isa = PBXBuildFile; fileRef = 7DB1FD3A285D2032003D4E97 /* AudioEngine.swift */; };
		7DEA2988286286CB00E7E241 /* FileManagerHelper.swift in Sources */ = {isa = PBXBuildFile; fileRef = 7DEA2987286286CB00E7E241 /* FileManagerHelper.swift */; };
/* End PBXBuildFile section */

/* Begin PBXFileReference section */
		7DB1FD23285CBBEC003D4E97 /* audioEngine.app */ = {isa = PBXFileReference; explicitFileType = wrapper.application; includeInIndex = 0; path = audioEngine.app; sourceTree = BUILT_PRODUCTS_DIR; };
		7DB1FD26285CBBEC003D4E97 /* AppDelegate.swift */ = {isa = PBXFileReference; lastKnownFileType = sourcecode.swift; path = AppDelegate.swift; sourceTree = "<group>"; };
		7DB1FD28285CBBEC003D4E97 /* SceneDelegate.swift */ = {isa = PBXFileReference; lastKnownFileType = sourcecode.swift; path = SceneDelegate.swift; sourceTree = "<group>"; };
		7DB1FD2A285CBBEC003D4E97 /* ViewController.swift */ = {isa = PBXFileReference; lastKnownFileType = sourcecode.swift; path = ViewController.swift; sourceTree = "<group>"; };
		7DB1FD2D285CBBEC003D4E97 /* Base */ = {isa = PBXFileReference; lastKnownFileType = file.storyboard; name = Base; path = Base.lproj/Main.storyboard; sourceTree = "<group>"; };
		7DB1FD2F285CBBEE003D4E97 /* Assets.xcassets */ = {isa = PBXFileReference; lastKnownFileType = folder.assetcatalog; path = Assets.xcassets; sourceTree = "<group>"; };
		7DB1FD32285CBBEE003D4E97 /* Base */ = {isa = PBXFileReference; lastKnownFileType = file.storyboard; name = Base; path = Base.lproj/LaunchScreen.storyboard; sourceTree = "<group>"; };
		7DB1FD34285CBBEE003D4E97 /* Info.plist */ = {isa = PBXFileReference; lastKnownFileType = text.plist.xml; path = Info.plist; sourceTree = "<group>"; };
		7DB1FD3A285D2032003D4E97 /* AudioEngine.swift */ = {isa = PBXFileReference; lastKnownFileType = sourcecode.swift; path = AudioEngine.swift; sourceTree = "<group>"; };
		7DEA2987286286CB00E7E241 /* FileManagerHelper.swift */ = {isa = PBXFileReference; lastKnownFileType = sourcecode.swift; path = FileManagerHelper.swift; sourceTree = "<group>"; };
/* End PBXFileReference section */

/* Begin PBXFrameworksBuildPhase section */
		7DB1FD20285CBBEC003D4E97 /* Frameworks */ = {
			isa = PBXFrameworksBuildPhase;
			buildActionMask = 2147483647;
			files = (
			);
			runOnlyForDeploymentPostprocessing = 0;
		};
/* End PBXFrameworksBuildPhase section */

/* Begin PBXGroup section */
		7DB1FD1A285CBBEC003D4E97 = {
			isa = PBXGroup;
			children = (
				7DB1FD25285CBBEC003D4E97 /* audioEngine */,
				7DB1FD24285CBBEC003D4E97 /* Products */,
			);
			sourceTree = "<group>";
		};
		7DB1FD24285CBBEC003D4E97 /* Products */ = {
			isa = PBXGroup;
			children = (
				7DB1FD23285CBBEC003D4E97 /* audioEngine.app */,
			);
			name = Products;
			sourceTree = "<group>";
		};
		7DB1FD25285CBBEC003D4E97 /* audioEngine */ = {
			isa = PBXGroup;
			children = (
				7DB1FD26285CBBEC003D4E97 /* AppDelegate.swift */,
				7DB1FD28285CBBEC003D4E97 /* SceneDelegate.swift */,
				7DB1FD2A285CBBEC003D4E97 /* ViewController.swift */,
				7DB1FD2C285CBBEC003D4E97 /* Main.storyboard */,
				7DB1FD2F285CBBEE003D4E97 /* Assets.xcassets */,
				7DB1FD31285CBBEE003D4E97 /* LaunchScreen.storyboard */,
				7DB1FD34285CBBEE003D4E97 /* Info.plist */,
				7DB1FD3A285D2032003D4E97 /* AudioEngine.swift */,
				7DEA2987286286CB00E7E241 /* FileManagerHelper.swift */,
			);
			path = audioEngine;
			sourceTree = "<group>";
		};
/* End PBXGroup section */

/* Begin PBXNativeTarget section */
		7DB1FD22285CBBEC003D4E97 /* audioEngine */ = {
			isa = PBXNativeTarget;
			buildConfigurationList = 7DB1FD37285CBBEE003D4E97 /* Build configuration list for PBXNativeTarget "audioEngine" */;
			buildPhases = (
				7DB1FD1F285CBBEC003D4E97 /* Sources */,
				7DB1FD20285CBBEC003D4E97 /* Frameworks */,
				7DB1FD21285CBBEC003D4E97 /* Resources */,
			);
			buildRules = (
			);
			dependencies = (
			);
			name = audioEngine;
			productName = audioEngine;
			productReference = 7DB1FD23285CBBEC003D4E97 /* audioEngine.app */;
			productType = "com.apple.product-type.application";
		};
/* End PBXNativeTarget section */

/* Begin PBXProject section */
		7DB1FD1B285CBBEC003D4E97 /* Project object */ = {
			isa = PBXProject;
			attributes = {
				BuildIndependentTargetsInParallel = 1;
				LastSwiftUpdateCheck = 1340;
				LastUpgradeCheck = 1340;
				TargetAttributes = {
					7DB1FD22285CBBEC003D4E97 = {
						CreatedOnToolsVersion = 13.4.1;
					};
				};
			};
			buildConfigurationList = 7DB1FD1E285CBBEC003D4E97 /* Build configuration list for PBXProject "audioEngine" */;
			compatibilityVersion = "Xcode 13.0";
			developmentRegion = en;
			hasScannedForEncodings = 0;
			knownRegions = (
				en,
				Base,
			);
			mainGroup = 7DB1FD1A285CBBEC003D4E97;
			productRefGroup = 7DB1FD24285CBBEC003D4E97 /* Products */;
			projectDirPath = "";
			projectRoot = "";
			targets = (
				7DB1FD22285CBBEC003D4E97 /* audioEngine */,
			);
		};
/* End PBXProject section */

/* Begin PBXResourcesBuildPhase section */
		7DB1FD21285CBBEC003D4E97 /* Resources */ = {
			isa = PBXResourcesBuildPhase;
			buildActionMask = 2147483647;
			files = (
				7DB1FD33285CBBEE003D4E97 /* LaunchScreen.storyboard in Resources */,
				7DB1FD30285CBBEE003D4E97 /* Assets.xcassets in Resources */,
				7DB1FD2E285CBBEC003D4E97 /* Main.storyboard in Resources */,
			);
			runOnlyForDeploymentPostprocessing = 0;
		};
/* End PBXResourcesBuildPhase section */

/* Begin PBXSourcesBuildPhase section */
		7DB1FD1F285CBBEC003D4E97 /* Sources */ = {
			isa = PBXSourcesBuildPhase;
			buildActionMask = 2147483647;
			files = (
				7DEA2988286286CB00E7E241 /* FileManagerHelper.swift in Sources */,
				7DB1FD3B285D2032003D4E97 /* AudioEngine.swift in Sources */,
				7DB1FD2B285CBBEC003D4E97 /* ViewController.swift in Sources */,
				7DB1FD27285CBBEC003D4E97 /* AppDelegate.swift in Sources */,
				7DB1FD29285CBBEC003D4E97 /* SceneDelegate.swift in Sources */,
			);
			runOnlyForDeploymentPostprocessing = 0;
		};
/* End PBXSourcesBuildPhase section */

/* Begin PBXVariantGroup section */
		7DB1FD2C285CBBEC003D4E97 /* Main.storyboard */ = {
			isa = PBXVariantGroup;
			children = (
				7DB1FD2D285CBBEC003D4E97 /* Base */,
			);
			name = Main.storyboard;
			sourceTree = "<group>";
		};
		7DB1FD31285CBBEE003D4E97 /* LaunchScreen.storyboard */ = {
			isa = PBXVariantGroup;
			children = (
				7DB1FD32285CBBEE003D4E97 /* Base */,
			);
			name = LaunchScreen.storyboard;
			sourceTree = "<group>";
		};
/* End PBXVariantGroup section */

/* Begin XCBuildConfiguration section */
		7DB1FD35285CBBEE003D4E97 /* Debug */ = {
			isa = XCBuildConfiguration;
			buildSettings = {
				ALWAYS_SEARCH_USER_PATHS = NO;
				CLANG_ANALYZER_NONNULL = YES;
				CLANG_ANALYZER_NUMBER_OBJECT_CONVERSION = YES_AGGRESSIVE;
				CLANG_CXX_LANGUAGE_STANDARD = "gnu++17";
				CLANG_ENABLE_MODULES = YES;
				CLANG_ENABLE_OBJC_ARC = YES;
				CLANG_ENABLE_OBJC_WEAK = YES;
				CLANG_WARN_BLOCK_CAPTURE_AUTORELEASING = YES;
				CLANG_WARN_BOOL_CONVERSION = YES;
				CLANG_WARN_COMMA = YES;
				CLANG_WARN_CONSTANT_CONVERSION = YES;
				CLANG_WARN_DEPRECATED_OBJC_IMPLEMENTATIONS = YES;
				CLANG_WARN_DIRECT_OBJC_ISA_USAGE = YES_ERROR;
				CLANG_WARN_DOCUMENTATION_COMMENTS = YES;
				CLANG_WARN_EMPTY_BODY = YES;
				CLANG_WARN_ENUM_CONVERSION = YES;
				CLANG_WARN_INFINITE_RECURSION = YES;
				CLANG_WARN_INT_CONVERSION = YES;
				CLANG_WARN_NON_LITERAL_NULL_CONVERSION = YES;
				CLANG_WARN_OBJC_IMPLICIT_RETAIN_SELF = YES;
				CLANG_WARN_OBJC_LITERAL_CONVERSION = YES;
				CLANG_WARN_OBJC_ROOT_CLASS = YES_ERROR;
				CLANG_WARN_QUOTED_INCLUDE_IN_FRAMEWORK_HEADER = YES;
				CLANG_WARN_RANGE_LOOP_ANALYSIS = YES;
				CLANG_WARN_STRICT_PROTOTYPES = YES;
				CLANG_WARN_SUSPICIOUS_MOVE = YES;
				CLANG_WARN_UNGUARDED_AVAILABILITY = YES_AGGRESSIVE;
				CLANG_WARN_UNREACHABLE_CODE = YES;
				CLANG_WARN__DUPLICATE_METHOD_MATCH = YES;
				COPY_PHASE_STRIP = NO;
				DEBUG_INFORMATION_FORMAT = dwarf;
				ENABLE_STRICT_OBJC_MSGSEND = YES;
				ENABLE_TESTABILITY = YES;
				GCC_C_LANGUAGE_STANDARD = gnu11;
				GCC_DYNAMIC_NO_PIC = NO;
				GCC_NO_COMMON_BLOCKS = YES;
				GCC_OPTIMIZATION_LEVEL = 0;
				GCC_PREPROCESSOR_DEFINITIONS = (
					"DEBUG=1",
					"$(inherited)",
				);
				GCC_WARN_64_TO_32_BIT_CONVERSION = YES;
				GCC_WARN_ABOUT_RETURN_TYPE = YES_ERROR;
				GCC_WARN_UNDECLARED_SELECTOR = YES;
				GCC_WARN_UNINITIALIZED_AUTOS = YES_AGGRESSIVE;
				GCC_WARN_UNUSED_FUNCTION = YES;
				GCC_WARN_UNUSED_VARIABLE = YES;
				IPHONEOS_DEPLOYMENT_TARGET = 15.5;
				MTL_ENABLE_DEBUG_INFO = INCLUDE_SOURCE;
				MTL_FAST_MATH = YES;
				ONLY_ACTIVE_ARCH = YES;
				SDKROOT = iphoneos;
				SWIFT_ACTIVE_COMPILATION_CONDITIONS = DEBUG;
				SWIFT_OPTIMIZATION_LEVEL = "-Onone";
			};
			name = Debug;
		};
		7DB1FD36285CBBEE003D4E97 /* Release */ = {
			isa = XCBuildConfiguration;
			buildSettings = {
				ALWAYS_SEARCH_USER_PATHS = NO;
				CLANG_ANALYZER_NONNULL = YES;
				CLANG_ANALYZER_NUMBER_OBJECT_CONVERSION = YES_AGGRESSIVE;
				CLANG_CXX_LANGUAGE_STANDARD = "gnu++17";
				CLANG_ENABLE_MODULES = YES;
				CLANG_ENABLE_OBJC_ARC = YES;
				CLANG_ENABLE_OBJC_WEAK = YES;
				CLANG_WARN_BLOCK_CAPTURE_AUTORELEASING = YES;
				CLANG_WARN_BOOL_CONVERSION = YES;
				CLANG_WARN_COMMA = YES;
				CLANG_WARN_CONSTANT_CONVERSION = YES;
				CLANG_WARN_DEPRECATED_OBJC_IMPLEMENTATIONS = YES;
				CLANG_WARN_DIRECT_OBJC_ISA_USAGE = YES_ERROR;
				CLANG_WARN_DOCUMENTATION_COMMENTS = YES;
				CLANG_WARN_EMPTY_BODY = YES;
				CLANG_WARN_ENUM_CONVERSION = YES;
				CLANG_WARN_INFINITE_RECURSION = YES;
				CLANG_WARN_INT_CONVERSION = YES;
				CLANG_WARN_NON_LITERAL_NULL_CONVERSION = YES;
				CLANG_WARN_OBJC_IMPLICIT_RETAIN_SELF = YES;
				CLANG_WARN_OBJC_LITERAL_CONVERSION = YES;
				CLANG_WARN_OBJC_ROOT_CLASS = YES_ERROR;
				CLANG_WARN_QUOTED_INCLUDE_IN_FRAMEWORK_HEADER = YES;
				CLANG_WARN_RANGE_LOOP_ANALYSIS = YES;
				CLANG_WARN_STRICT_PROTOTYPES = YES;
				CLANG_WARN_SUSPICIOUS_MOVE = YES;
				CLANG_WARN_UNGUARDED_AVAILABILITY = YES_AGGRESSIVE;
				CLANG_WARN_UNREACHABLE_CODE = YES;
				CLANG_WARN__DUPLICATE_METHOD_MATCH = YES;
				COPY_PHASE_STRIP = NO;
				DEBUG_INFORMATION_FORMAT = "dwarf-with-dsym";
				ENABLE_NS_ASSERTIONS = NO;
				ENABLE_STRICT_OBJC_MSGSEND = YES;
				GCC_C_LANGUAGE_STANDARD = gnu11;
				GCC_NO_COMMON_BLOCKS = YES;
				GCC_WARN_64_TO_32_BIT_CONVERSION = YES;
				GCC_WARN_ABOUT_RETURN_TYPE = YES_ERROR;
				GCC_WARN_UNDECLARED_SELECTOR = YES;
				GCC_WARN_UNINITIALIZED_AUTOS = YES_AGGRESSIVE;
				GCC_WARN_UNUSED_FUNCTION = YES;
				GCC_WARN_UNUSED_VARIABLE = YES;
				IPHONEOS_DEPLOYMENT_TARGET = 15.5;
				MTL_ENABLE_DEBUG_INFO = NO;
				MTL_FAST_MATH = YES;
				SDKROOT = iphoneos;
				SWIFT_COMPILATION_MODE = wholemodule;
				SWIFT_OPTIMIZATION_LEVEL = "-O";
				VALIDATE_PRODUCT = YES;
			};
			name = Release;
		};
		7DB1FD38285CBBEE003D4E97 /* Debug */ = {
			isa = XCBuildConfiguration;
			buildSettings = {
				ASSETCATALOG_COMPILER_APPICON_NAME = AppIcon;
				ASSETCATALOG_COMPILER_GLOBAL_ACCENT_COLOR_NAME = AccentColor;
				CODE_SIGN_STYLE = Automatic;
				CURRENT_PROJECT_VERSION = 1;
				DEVELOPMENT_TEAM = 3HC293223J;
				GENERATE_INFOPLIST_FILE = YES;
				INFOPLIST_FILE = audioEngine/Info.plist;
				INFOPLIST_KEY_LSSupportsOpeningDocumentsInPlace = NO;
				INFOPLIST_KEY_NSMicrophoneUsageDescription = "access to mic";
				INFOPLIST_KEY_UIApplicationSupportsIndirectInputEvents = YES;
				INFOPLIST_KEY_UILaunchStoryboardName = LaunchScreen;
				INFOPLIST_KEY_UIMainStoryboardFile = Main;
				INFOPLIST_KEY_UISupportedInterfaceOrientations_iPad = "UIInterfaceOrientationPortrait UIInterfaceOrientationPortraitUpsideDown UIInterfaceOrientationLandscapeLeft UIInterfaceOrientationLandscapeRight";
				INFOPLIST_KEY_UISupportedInterfaceOrientations_iPhone = "UIInterfaceOrientationPortrait UIInterfaceOrientationLandscapeLeft UIInterfaceOrientationLandscapeRight";
				LD_RUNPATH_SEARCH_PATHS = (
					"$(inherited)",
					"@executable_path/Frameworks",
				);
				MARKETING_VERSION = 1.0;
				PRODUCT_BUNDLE_IDENTIFIER = com.maysam.audioEngine;
				PRODUCT_NAME = "$(TARGET_NAME)";
				SWIFT_EMIT_LOC_STRINGS = YES;
				SWIFT_VERSION = 5.0;
				TARGETED_DEVICE_FAMILY = "1,2";
			};
			name = Debug;
		};
		7DB1FD39285CBBEE003D4E97 /* Release */ = {
			isa = XCBuildConfiguration;
			buildSettings = {
				ASSETCATALOG_COMPILER_APPICON_NAME = AppIcon;
				ASSETCATALOG_COMPILER_GLOBAL_ACCENT_COLOR_NAME = AccentColor;
				CODE_SIGN_STYLE = Automatic;
				CURRENT_PROJECT_VERSION = 1;
				DEVELOPMENT_TEAM = 3HC293223J;
				GENERATE_INFOPLIST_FILE = YES;
				INFOPLIST_FILE = audioEngine/Info.plist;
				INFOPLIST_KEY_LSSupportsOpeningDocumentsInPlace = NO;
				INFOPLIST_KEY_NSMicrophoneUsageDescription = "access to mic";
				INFOPLIST_KEY_UIApplicationSupportsIndirectInputEvents = YES;
				INFOPLIST_KEY_UILaunchStoryboardName = LaunchScreen;
				INFOPLIST_KEY_UIMainStoryboardFile = Main;
				INFOPLIST_KEY_UISupportedInterfaceOrientations_iPad = "UIInterfaceOrientationPortrait UIInterfaceOrientationPortraitUpsideDown UIInterfaceOrientationLandscapeLeft UIInterfaceOrientationLandscapeRight";
				INFOPLIST_KEY_UISupportedInterfaceOrientations_iPhone = "UIInterfaceOrientationPortrait UIInterfaceOrientationLandscapeLeft UIInterfaceOrientationLandscapeRight";
				LD_RUNPATH_SEARCH_PATHS = (
					"$(inherited)",
					"@executable_path/Frameworks",
				);
				MARKETING_VERSION = 1.0;
				PRODUCT_BUNDLE_IDENTIFIER = com.maysam.audioEngine;
				PRODUCT_NAME = "$(TARGET_NAME)";
				SWIFT_EMIT_LOC_STRINGS = YES;
				SWIFT_VERSION = 5.0;
				TARGETED_DEVICE_FAMILY = "1,2";
			};
			name = Release;
		};
/* End XCBuildConfiguration section */

/* Begin XCConfigurationList section */
		7DB1FD1E285CBBEC003D4E97 /* Build configuration list for PBXProject "audioEngine" */ = {
			isa = XCConfigurationList;
			buildConfigurations = (
				7DB1FD35285CBBEE003D4E97 /* Debug */,
				7DB1FD36285CBBEE003D4E97 /* Release */,
			);
			defaultConfigurationIsVisible = 0;
			defaultConfigurationName = Release;
		};
		7DB1FD37285CBBEE003D4E97 /* Build configuration list for PBXNativeTarget "audioEngine" */ = {
			isa = XCConfigurationList;
			buildConfigurations = (
				7DB1FD38285CBBEE003D4E97 /* Debug */,
				7DB1FD39285CBBEE003D4E97 /* Release */,
			);
			defaultConfigurationIsVisible = 0;
			defaultConfigurationName = Release;
		};
/* End XCConfigurationList section */
	};
	rootObject = 7DB1FD1B285CBBEC003D4E97 /* Project object */;
}
